
Microsoft Visual Studio Solution File, Format Version 12.00
# Visual Studio Version 16
VisualStudioVersion = 16.0.31129.286
MinimumVisualStudioVersion = 10.0.40219.1
Project("{9A19103F-16F7-4668-BE54-9A1E7A4F7556}") = "ChurnAPI", "ChurnAPI\ChurnAPI.csproj", "{477E9056-E7DE-4BBA-8725-B5DEF854C991}"
EndProject
Project("{2150E333-8FDC-42A3-9474-1A3956D46DE8}") = "Solution Items", "Solution Items", "{357E8593-4690-4733-8F02-A0FD2CEA3E84}"
	ProjectSection(SolutionItems) = preProject
		..\..\Controllers\finalized_model.sav = ..\..\Controllers\finalized_model.sav
		..\..\Controllers\ModelController.py = ..\..\Controllers\ModelController.py
		..\..\Controllers\test.csv = ..\..\Controllers\test.csv
	EndProjectSection
EndProject
Global
	GlobalSection(SolutionConfigurationPlatforms) = preSolution
		Debug|Any CPU = Debug|Any CPU
		Release|Any CPU = Release|Any CPU
	EndGlobalSection
	GlobalSection(ProjectConfigurationPlatforms) = postSolution
		{477E9056-E7DE-4BBA-8725-B5DEF854C991}.Debug|Any CPU.ActiveCfg = Debug|Any CPU
		{477E9056-E7DE-4BBA-8725-B5DEF854C991}.Debug|Any CPU.Build.0 = Debug|Any CPU
		{477E9056-E7DE-4BBA-8725-B5DEF854C991}.Release|Any CPU.ActiveCfg = Release|Any CPU
		{477E9056-E7DE-4BBA-8725-B5DEF854C991}.Release|Any CPU.Build.0 = Release|Any CPU
	EndGlobalSection
	GlobalSection(SolutionProperties) = preSolution
		HideSolutionNode = FALSE
	EndGlobalSection
	GlobalSection(ExtensibilityGlobals) = postSolution
		SolutionGuid = {A9D14266-1445-40AC-9061-1BBD2FABF6D9}
	EndGlobalSection
EndGlobal
