
Microsoft Visual Studio Solution File, Format Version 12.00
# Visual Studio Version 16
VisualStudioVersion = 16.0.30907.101
MinimumVisualStudioVersion = 10.0.40219.1
Project("{9A19103F-16F7-4668-BE54-9A1E7A4F7556}") = "API", "API.csproj", "{EE574D8B-C629-411A-AD35-0B4637CF1568}"
EndProject
Global
	GlobalSection(SolutionConfigurationPlatforms) = preSolution
		Debug|Any CPU = Debug|Any CPU
		Release|Any CPU = Release|Any CPU
	EndGlobalSection
	GlobalSection(ProjectConfigurationPlatforms) = postSolution
		{EE574D8B-C629-411A-AD35-0B4637CF1568}.Debug|Any CPU.ActiveCfg = Debug|Any CPU
		{EE574D8B-C629-411A-AD35-0B4637CF1568}.Debug|Any CPU.Build.0 = Debug|Any CPU
		{EE574D8B-C629-411A-AD35-0B4637CF1568}.Release|Any CPU.ActiveCfg = Release|Any CPU
		{EE574D8B-C629-411A-AD35-0B4637CF1568}.Release|Any CPU.Build.0 = Release|Any CPU
	EndGlobalSection
	GlobalSection(SolutionProperties) = preSolution
		HideSolutionNode = FALSE
	EndGlobalSection
	GlobalSection(ExtensibilityGlobals) = postSolution
		SolutionGuid = {90F5F762-A135-4936-852C-C97F015276F5}
	EndGlobalSection
EndGlobal
